// !$*UTF8*$!
{
	archiveVersion = 1;
	classes = {
	};
	objectVersion = 56;
	objects = {

/* Begin PBXBuildFile section */
		3163D9132A41DC770065228D /* AppDelegate.swift in Sources */ = {isa = PBXBuildFile; fileRef = 3163D9122A41DC770065228D /* AppDelegate.swift */; };
		3163D9152A41DC770065228D /* SceneDelegate.swift in Sources */ = {isa = PBXBuildFile; fileRef = 3163D9142A41DC770065228D /* SceneDelegate.swift */; };
		3163D9172A41DC770065228D /* CategoryTableViewController.swift in Sources */ = {isa = PBXBuildFile; fileRef = 3163D9162A41DC770065228D /* CategoryTableViewController.swift */; };
		3163D91A2A41DC770065228D /* Main.storyboard in Resources */ = {isa = PBXBuildFile; fileRef = 3163D9182A41DC770065228D /* Main.storyboard */; };
		3163D91D2A41DC770065228D /* Todoey_APP.xcdatamodeld in Sources */ = {isa = PBXBuildFile; fileRef = 3163D91B2A41DC770065228D /* Todoey_APP.xcdatamodeld */; };
		3163D91F2A41DC790065228D /* Assets.xcassets in Resources */ = {isa = PBXBuildFile; fileRef = 3163D91E2A41DC790065228D /* Assets.xcassets */; };
		3163D9222A41DC790065228D /* LaunchScreen.storyboard in Resources */ = {isa = PBXBuildFile; fileRef = 3163D9202A41DC790065228D /* LaunchScreen.storyboard */; };
		31A0FEE62A431F1D00E665BF /* SwipeToDelete.swift in Sources */ = {isa = PBXBuildFile; fileRef = 31A0FEE52A431F1D00E665BF /* SwipeToDelete.swift */; };
		31A0FEEA2A43378B00E665BF /* allert.mp3 in Resources */ = {isa = PBXBuildFile; fileRef = 31A0FEE92A43378B00E665BF /* allert.mp3 */; };
		31DB0D462A42C28E00FC55BB /* SubTaskViewController.swift in Sources */ = {isa = PBXBuildFile; fileRef = 31DB0D452A42C28E00FC55BB /* SubTaskViewController.swift */; };
		B64E15059168AAAC3F63DE58 /* Pods_Todoey_APP.framework in Frameworks */ = {isa = PBXBuildFile; fileRef = FFEB5A622930AACC65DB784B /* Pods_Todoey_APP.framework */; };
/* End PBXBuildFile section */

/* Begin PBXFileReference section */
		3163D90F2A41DC770065228D /* Todoey APP.app */ = {isa = PBXFileReference; explicitFileType = wrapper.application; includeInIndex = 0; path = "Todoey APP.app"; sourceTree = BUILT_PRODUCTS_DIR; };
		3163D9122A41DC770065228D /* AppDelegate.swift */ = {isa = PBXFileReference; lastKnownFileType = sourcecode.swift; path = AppDelegate.swift; sourceTree = "<group>"; };
		3163D9142A41DC770065228D /* SceneDelegate.swift */ = {isa = PBXFileReference; lastKnownFileType = sourcecode.swift; path = SceneDelegate.swift; sourceTree = "<group>"; };
		3163D9162A41DC770065228D /* CategoryTableViewController.swift */ = {isa = PBXFileReference; lastKnownFileType = sourcecode.swift; path = CategoryTableViewController.swift; sourceTree = "<group>"; };
		3163D9192A41DC770065228D /* Base */ = {isa = PBXFileReference; lastKnownFileType = file.storyboard; name = Base; path = Base.lproj/Main.storyboard; sourceTree = "<group>"; };
		3163D91C2A41DC770065228D /* Todoey_APP.xcdatamodel */ = {isa = PBXFileReference; lastKnownFileType = wrapper.xcdatamodel; path = Todoey_APP.xcdatamodel; sourceTree = "<group>"; };
		3163D91E2A41DC790065228D /* Assets.xcassets */ = {isa = PBXFileReference; lastKnownFileType = folder.assetcatalog; path = Assets.xcassets; sourceTree = "<group>"; };
		3163D9212A41DC790065228D /* Base */ = {isa = PBXFileReference; lastKnownFileType = file.storyboard; name = Base; path = Base.lproj/LaunchScreen.storyboard; sourceTree = "<group>"; };
		3163D9232A41DC790065228D /* Info.plist */ = {isa = PBXFileReference; lastKnownFileType = text.plist.xml; path = Info.plist; sourceTree = "<group>"; };
		31A0FEE52A431F1D00E665BF /* SwipeToDelete.swift */ = {isa = PBXFileReference; lastKnownFileType = sourcecode.swift; path = SwipeToDelete.swift; sourceTree = "<group>"; };
		31A0FEE92A43378B00E665BF /* allert.mp3 */ = {isa = PBXFileReference; lastKnownFileType = audio.mp3; path = allert.mp3; sourceTree = "<group>"; };
		31DB0D452A42C28E00FC55BB /* SubTaskViewController.swift */ = {isa = PBXFileReference; lastKnownFileType = sourcecode.swift; path = SubTaskViewController.swift; sourceTree = "<group>"; };
		44F6696FE39AF38C307EEE0D /* Pods-Todoey APP.release.xcconfig */ = {isa = PBXFileReference; includeInIndex = 1; lastKnownFileType = text.xcconfig; name = "Pods-Todoey APP.release.xcconfig"; path = "Target Support Files/Pods-Todoey APP/Pods-Todoey APP.release.xcconfig"; sourceTree = "<group>"; };
		74BA9C6279A6A9FC23FB5BB3 /* Pods-Todoey APP.debug.xcconfig */ = {isa = PBXFileReference; includeInIndex = 1; lastKnownFileType = text.xcconfig; name = "Pods-Todoey APP.debug.xcconfig"; path = "Target Support Files/Pods-Todoey APP/Pods-Todoey APP.debug.xcconfig"; sourceTree = "<group>"; };
		FFEB5A622930AACC65DB784B /* Pods_Todoey_APP.framework */ = {isa = PBXFileReference; explicitFileType = wrapper.framework; includeInIndex = 0; path = Pods_Todoey_APP.framework; sourceTree = BUILT_PRODUCTS_DIR; };
/* End PBXFileReference section */

/* Begin PBXFrameworksBuildPhase section */
		3163D90C2A41DC770065228D /* Frameworks */ = {
			isa = PBXFrameworksBuildPhase;
			buildActionMask = 2147483647;
			files = (
				B64E15059168AAAC3F63DE58 /* Pods_Todoey_APP.framework in Frameworks */,
			);
			runOnlyForDeploymentPostprocessing = 0;
		};
/* End PBXFrameworksBuildPhase section */

/* Begin PBXGroup section */
		3163D9062A41DC770065228D = {
			isa = PBXGroup;
			children = (
				3163D9112A41DC770065228D /* Todoey APP */,
				3163D9102A41DC770065228D /* Products */,
				EEF29E6E258D70D33271D4F0 /* Pods */,
				BB8A3662B84850F8A9260460 /* Frameworks */,
			);
			sourceTree = "<group>";
		};
		3163D9102A41DC770065228D /* Products */ = {
			isa = PBXGroup;
			children = (
				3163D90F2A41DC770065228D /* Todoey APP.app */,
			);
			name = Products;
			sourceTree = "<group>";
		};
		3163D9112A41DC770065228D /* Todoey APP */ = {
			isa = PBXGroup;
			children = (
				31A0FEE92A43378B00E665BF /* allert.mp3 */,
				3163D9122A41DC770065228D /* AppDelegate.swift */,
				3163D9142A41DC770065228D /* SceneDelegate.swift */,
				31DB0D422A42B86400FC55BB /* Model */,
				31DB0D432A42B87800FC55BB /* View */,
				31DB0D442A42B88100FC55BB /* Controller */,
				3163D91E2A41DC790065228D /* Assets.xcassets */,
				3163D91B2A41DC770065228D /* Todoey_APP.xcdatamodeld */,
				3163D9202A41DC790065228D /* LaunchScreen.storyboard */,
				3163D9232A41DC790065228D /* Info.plist */,
			);
			path = "Todoey APP";
			sourceTree = "<group>";
		};
		31DB0D422A42B86400FC55BB /* Model */ = {
			isa = PBXGroup;
			children = (
			);
			path = Model;
			sourceTree = "<group>";
		};
		31DB0D432A42B87800FC55BB /* View */ = {
			isa = PBXGroup;
			children = (
				3163D9182A41DC770065228D /* Main.storyboard */,
			);
			path = View;
			sourceTree = "<group>";
		};
		31DB0D442A42B88100FC55BB /* Controller */ = {
			isa = PBXGroup;
			children = (
				3163D9162A41DC770065228D /* CategoryTableViewController.swift */,
				31DB0D452A42C28E00FC55BB /* SubTaskViewController.swift */,
				31A0FEE52A431F1D00E665BF /* SwipeToDelete.swift */,
			);
			path = Controller;
			sourceTree = "<group>";
		};
		BB8A3662B84850F8A9260460 /* Frameworks */ = {
			isa = PBXGroup;
			children = (
				FFEB5A622930AACC65DB784B /* Pods_Todoey_APP.framework */,
			);
			name = Frameworks;
			sourceTree = "<group>";
		};
		EEF29E6E258D70D33271D4F0 /* Pods */ = {
			isa = PBXGroup;
			children = (
				74BA9C6279A6A9FC23FB5BB3 /* Pods-Todoey APP.debug.xcconfig */,
				44F6696FE39AF38C307EEE0D /* Pods-Todoey APP.release.xcconfig */,
			);
			path = Pods;
			sourceTree = "<group>";
		};
/* End PBXGroup section */

/* Begin PBXNativeTarget section */
		3163D90E2A41DC770065228D /* Todoey APP */ = {
			isa = PBXNativeTarget;
			buildConfigurationList = 3163D9262A41DC790065228D /* Build configuration list for PBXNativeTarget "Todoey APP" */;
			buildPhases = (
				940CCBDDAE48663414BCE347 /* [CP] Check Pods Manifest.lock */,
				3163D90B2A41DC770065228D /* Sources */,
				3163D90C2A41DC770065228D /* Frameworks */,
				3163D90D2A41DC770065228D /* Resources */,
				3DA4638602FBCE3ECE438F23 /* [CP] Embed Pods Frameworks */,
			);
			buildRules = (
			);
			dependencies = (
			);
			name = "Todoey APP";
			productName = "Todoey APP";
			productReference = 3163D90F2A41DC770065228D /* Todoey APP.app */;
			productType = "com.apple.product-type.application";
		};
/* End PBXNativeTarget section */

/* Begin PBXProject section */
		3163D9072A41DC770065228D /* Project object */ = {
			isa = PBXProject;
			attributes = {
				BuildIndependentTargetsInParallel = 1;
				LastSwiftUpdateCheck = 1430;
				LastUpgradeCheck = 1430;
				TargetAttributes = {
					3163D90E2A41DC770065228D = {
						CreatedOnToolsVersion = 14.3;
					};
				};
			};
			buildConfigurationList = 3163D90A2A41DC770065228D /* Build configuration list for PBXProject "Todoey APP" */;
			compatibilityVersion = "Xcode 14.0";
			developmentRegion = en;
			hasScannedForEncodings = 0;
			knownRegions = (
				en,
				Base,
			);
			mainGroup = 3163D9062A41DC770065228D;
			productRefGroup = 3163D9102A41DC770065228D /* Products */;
			projectDirPath = "";
			projectRoot = "";
			targets = (
				3163D90E2A41DC770065228D /* Todoey APP */,
			);
		};
/* End PBXProject section */

/* Begin PBXResourcesBuildPhase section */
		3163D90D2A41DC770065228D /* Resources */ = {
			isa = PBXResourcesBuildPhase;
			buildActionMask = 2147483647;
			files = (
				31A0FEEA2A43378B00E665BF /* allert.mp3 in Resources */,
				3163D9222A41DC790065228D /* LaunchScreen.storyboard in Resources */,
				3163D91F2A41DC790065228D /* Assets.xcassets in Resources */,
				3163D91A2A41DC770065228D /* Main.storyboard in Resources */,
			);
			runOnlyForDeploymentPostprocessing = 0;
		};
/* End PBXResourcesBuildPhase section */

/* Begin PBXShellScriptBuildPhase section */
		3DA4638602FBCE3ECE438F23 /* [CP] Embed Pods Frameworks */ = {
			isa = PBXShellScriptBuildPhase;
			buildActionMask = 2147483647;
			files = (
			);
			inputFileListPaths = (
				"${PODS_ROOT}/Target Support Files/Pods-Todoey APP/Pods-Todoey APP-frameworks-${CONFIGURATION}-input-files.xcfilelist",
			);
			name = "[CP] Embed Pods Frameworks";
			outputFileListPaths = (
				"${PODS_ROOT}/Target Support Files/Pods-Todoey APP/Pods-Todoey APP-frameworks-${CONFIGURATION}-output-files.xcfilelist",
			);
			runOnlyForDeploymentPostprocessing = 0;
			shellPath = /bin/sh;
			shellScript = "\"${PODS_ROOT}/Target Support Files/Pods-Todoey APP/Pods-Todoey APP-frameworks.sh\"\n";
			showEnvVarsInLog = 0;
		};
		940CCBDDAE48663414BCE347 /* [CP] Check Pods Manifest.lock */ = {
			isa = PBXShellScriptBuildPhase;
			buildActionMask = 2147483647;
			files = (
			);
			inputFileListPaths = (
			);
			inputPaths = (
				"${PODS_PODFILE_DIR_PATH}/Podfile.lock",
				"${PODS_ROOT}/Manifest.lock",
			);
			name = "[CP] Check Pods Manifest.lock";
			outputFileListPaths = (
			);
			outputPaths = (
				"$(DERIVED_FILE_DIR)/Pods-Todoey APP-checkManifestLockResult.txt",
			);
			runOnlyForDeploymentPostprocessing = 0;
			shellPath = /bin/sh;
			shellScript = "diff \"${PODS_PODFILE_DIR_PATH}/Podfile.lock\" \"${PODS_ROOT}/Manifest.lock\" > /dev/null\nif [ $? != 0 ] ; then\n    # print error to STDERR\n    echo \"error: The sandbox is not in sync with the Podfile.lock. Run 'pod install' or update your CocoaPods installation.\" >&2\n    exit 1\nfi\n# This output is used by Xcode 'outputs' to avoid re-running this script phase.\necho \"SUCCESS\" > \"${SCRIPT_OUTPUT_FILE_0}\"\n";
			showEnvVarsInLog = 0;
		};
/* End PBXShellScriptBuildPhase section */

/* Begin PBXSourcesBuildPhase section */
		3163D90B2A41DC770065228D /* Sources */ = {
			isa = PBXSourcesBuildPhase;
			buildActionMask = 2147483647;
			files = (
				3163D9172A41DC770065228D /* CategoryTableViewController.swift in Sources */,
				3163D9132A41DC770065228D /* AppDelegate.swift in Sources */,
				31A0FEE62A431F1D00E665BF /* SwipeToDelete.swift in Sources */,
				3163D9152A41DC770065228D /* SceneDelegate.swift in Sources */,
				3163D91D2A41DC770065228D /* Todoey_APP.xcdatamodeld in Sources */,
				31DB0D462A42C28E00FC55BB /* SubTaskViewController.swift in Sources */,
			);
			runOnlyForDeploymentPostprocessing = 0;
		};
/* End PBXSourcesBuildPhase section */

/* Begin PBXVariantGroup section */
		3163D9182A41DC770065228D /* Main.storyboard */ = {
			isa = PBXVariantGroup;
			children = (
				3163D9192A41DC770065228D /* Base */,
			);
			name = Main.storyboard;
			sourceTree = "<group>";
		};
		3163D9202A41DC790065228D /* LaunchScreen.storyboard */ = {
			isa = PBXVariantGroup;
			children = (
				3163D9212A41DC790065228D /* Base */,
			);
			name = LaunchScreen.storyboard;
			sourceTree = "<group>";
		};
/* End PBXVariantGroup section */

/* Begin XCBuildConfiguration section */
		3163D9242A41DC790065228D /* Debug */ = {
			isa = XCBuildConfiguration;
			buildSettings = {
				ALWAYS_SEARCH_USER_PATHS = NO;
				CLANG_ANALYZER_NONNULL = YES;
				CLANG_ANALYZER_NUMBER_OBJECT_CONVERSION = YES_AGGRESSIVE;
				CLANG_CXX_LANGUAGE_STANDARD = "gnu++20";
				CLANG_ENABLE_MODULES = YES;
				CLANG_ENABLE_OBJC_ARC = YES;
				CLANG_ENABLE_OBJC_WEAK = YES;
				CLANG_WARN_BLOCK_CAPTURE_AUTORELEASING = YES;
				CLANG_WARN_BOOL_CONVERSION = YES;
				CLANG_WARN_COMMA = YES;
				CLANG_WARN_CONSTANT_CONVERSION = YES;
				CLANG_WARN_DEPRECATED_OBJC_IMPLEMENTATIONS = YES;
				CLANG_WARN_DIRECT_OBJC_ISA_USAGE = YES_ERROR;
				CLANG_WARN_DOCUMENTATION_COMMENTS = YES;
				CLANG_WARN_EMPTY_BODY = YES;
				CLANG_WARN_ENUM_CONVERSION = YES;
				CLANG_WARN_INFINITE_RECURSION = YES;
				CLANG_WARN_INT_CONVERSION = YES;
				CLANG_WARN_NON_LITERAL_NULL_CONVERSION = YES;
				CLANG_WARN_OBJC_IMPLICIT_RETAIN_SELF = YES;
				CLANG_WARN_OBJC_LITERAL_CONVERSION = YES;
				CLANG_WARN_OBJC_ROOT_CLASS = YES_ERROR;
				CLANG_WARN_QUOTED_INCLUDE_IN_FRAMEWORK_HEADER = YES;
				CLANG_WARN_RANGE_LOOP_ANALYSIS = YES;
				CLANG_WARN_STRICT_PROTOTYPES = YES;
				CLANG_WARN_SUSPICIOUS_MOVE = YES;
				CLANG_WARN_UNGUARDED_AVAILABILITY = YES_AGGRESSIVE;
				CLANG_WARN_UNREACHABLE_CODE = YES;
				CLANG_WARN__DUPLICATE_METHOD_MATCH = YES;
				COPY_PHASE_STRIP = NO;
				DEBUG_INFORMATION_FORMAT = dwarf;
				ENABLE_STRICT_OBJC_MSGSEND = YES;
				ENABLE_TESTABILITY = YES;
				GCC_C_LANGUAGE_STANDARD = gnu11;
				GCC_DYNAMIC_NO_PIC = NO;
				GCC_NO_COMMON_BLOCKS = YES;
				GCC_OPTIMIZATION_LEVEL = 0;
				GCC_PREPROCESSOR_DEFINITIONS = (
					"DEBUG=1",
					"$(inherited)",
				);
				GCC_WARN_64_TO_32_BIT_CONVERSION = YES;
				GCC_WARN_ABOUT_RETURN_TYPE = YES_ERROR;
				GCC_WARN_UNDECLARED_SELECTOR = YES;
				GCC_WARN_UNINITIALIZED_AUTOS = YES_AGGRESSIVE;
				GCC_WARN_UNUSED_FUNCTION = YES;
				GCC_WARN_UNUSED_VARIABLE = YES;
				IPHONEOS_DEPLOYMENT_TARGET = 15.2;
				MTL_ENABLE_DEBUG_INFO = INCLUDE_SOURCE;
				MTL_FAST_MATH = YES;
				ONLY_ACTIVE_ARCH = YES;
				SDKROOT = iphoneos;
				SWIFT_ACTIVE_COMPILATION_CONDITIONS = DEBUG;
				SWIFT_OPTIMIZATION_LEVEL = "-Onone";
			};
			name = Debug;
		};
		3163D9252A41DC790065228D /* Release */ = {
			isa = XCBuildConfiguration;
			buildSettings = {
				ALWAYS_SEARCH_USER_PATHS = NO;
				CLANG_ANALYZER_NONNULL = YES;
				CLANG_ANALYZER_NUMBER_OBJECT_CONVERSION = YES_AGGRESSIVE;
				CLANG_CXX_LANGUAGE_STANDARD = "gnu++20";
				CLANG_ENABLE_MODULES = YES;
				CLANG_ENABLE_OBJC_ARC = YES;
				CLANG_ENABLE_OBJC_WEAK = YES;
				CLANG_WARN_BLOCK_CAPTURE_AUTORELEASING = YES;
				CLANG_WARN_BOOL_CONVERSION = YES;
				CLANG_WARN_COMMA = YES;
				CLANG_WARN_CONSTANT_CONVERSION = YES;
				CLANG_WARN_DEPRECATED_OBJC_IMPLEMENTATIONS = YES;
				CLANG_WARN_DIRECT_OBJC_ISA_USAGE = YES_ERROR;
				CLANG_WARN_DOCUMENTATION_COMMENTS = YES;
				CLANG_WARN_EMPTY_BODY = YES;
				CLANG_WARN_ENUM_CONVERSION = YES;
				CLANG_WARN_INFINITE_RECURSION = YES;
				CLANG_WARN_INT_CONVERSION = YES;
				CLANG_WARN_NON_LITERAL_NULL_CONVERSION = YES;
				CLANG_WARN_OBJC_IMPLICIT_RETAIN_SELF = YES;
				CLANG_WARN_OBJC_LITERAL_CONVERSION = YES;
				CLANG_WARN_OBJC_ROOT_CLASS = YES_ERROR;
				CLANG_WARN_QUOTED_INCLUDE_IN_FRAMEWORK_HEADER = YES;
				CLANG_WARN_RANGE_LOOP_ANALYSIS = YES;
				CLANG_WARN_STRICT_PROTOTYPES = YES;
				CLANG_WARN_SUSPICIOUS_MOVE = YES;
				CLANG_WARN_UNGUARDED_AVAILABILITY = YES_AGGRESSIVE;
				CLANG_WARN_UNREACHABLE_CODE = YES;
				CLANG_WARN__DUPLICATE_METHOD_MATCH = YES;
				COPY_PHASE_STRIP = NO;
				DEBUG_INFORMATION_FORMAT = "dwarf-with-dsym";
				ENABLE_NS_ASSERTIONS = NO;
				ENABLE_STRICT_OBJC_MSGSEND = YES;
				GCC_C_LANGUAGE_STANDARD = gnu11;
				GCC_NO_COMMON_BLOCKS = YES;
				GCC_WARN_64_TO_32_BIT_CONVERSION = YES;
				GCC_WARN_ABOUT_RETURN_TYPE = YES_ERROR;
				GCC_WARN_UNDECLARED_SELECTOR = YES;
				GCC_WARN_UNINITIALIZED_AUTOS = YES_AGGRESSIVE;
				GCC_WARN_UNUSED_FUNCTION = YES;
				GCC_WARN_UNUSED_VARIABLE = YES;
				IPHONEOS_DEPLOYMENT_TARGET = 15.2;
				MTL_ENABLE_DEBUG_INFO = NO;
				MTL_FAST_MATH = YES;
				SDKROOT = iphoneos;
				SWIFT_COMPILATION_MODE = wholemodule;
				SWIFT_OPTIMIZATION_LEVEL = "-O";
				VALIDATE_PRODUCT = YES;
			};
			name = Release;
		};
		3163D9272A41DC790065228D /* Debug */ = {
			isa = XCBuildConfiguration;
			baseConfigurationReference = 74BA9C6279A6A9FC23FB5BB3 /* Pods-Todoey APP.debug.xcconfig */;
			buildSettings = {
				ASSETCATALOG_COMPILER_APPICON_NAME = AppIcon;
				ASSETCATALOG_COMPILER_GLOBAL_ACCENT_COLOR_NAME = AccentColor;
				CODE_SIGN_STYLE = Automatic;
				CURRENT_PROJECT_VERSION = 1;
				DEVELOPMENT_TEAM = 4EA9N38245;
				GENERATE_INFOPLIST_FILE = YES;
				INFOPLIST_FILE = "Todoey APP/Info.plist";
				INFOPLIST_KEY_UIApplicationSupportsIndirectInputEvents = YES;
				INFOPLIST_KEY_UILaunchStoryboardName = LaunchScreen;
				INFOPLIST_KEY_UIMainStoryboardFile = Main;
				INFOPLIST_KEY_UISupportedInterfaceOrientations_iPad = "UIInterfaceOrientationPortrait UIInterfaceOrientationPortraitUpsideDown UIInterfaceOrientationLandscapeLeft UIInterfaceOrientationLandscapeRight";
				INFOPLIST_KEY_UISupportedInterfaceOrientations_iPhone = "UIInterfaceOrientationPortrait UIInterfaceOrientationLandscapeLeft UIInterfaceOrientationLandscapeRight";
				LD_RUNPATH_SEARCH_PATHS = (
					"$(inherited)",
					"@executable_path/Frameworks",
				);
				MARKETING_VERSION = 1.0;
				PRODUCT_BUNDLE_IDENTIFIER = "Technosoft.Todoey-APP";
				PRODUCT_NAME = "$(TARGET_NAME)";
				SWIFT_EMIT_LOC_STRINGS = YES;
				SWIFT_VERSION = 5.0;
				TARGETED_DEVICE_FAMILY = "1,2";
			};
			name = Debug;
		};
		3163D9282A41DC790065228D /* Release */ = {
			isa = XCBuildConfiguration;
			baseConfigurationReference = 44F6696FE39AF38C307EEE0D /* Pods-Todoey APP.release.xcconfig */;
			buildSettings = {
				ASSETCATALOG_COMPILER_APPICON_NAME = AppIcon;
				ASSETCATALOG_COMPILER_GLOBAL_ACCENT_COLOR_NAME = AccentColor;
				CODE_SIGN_STYLE = Automatic;
				CURRENT_PROJECT_VERSION = 1;
				DEVELOPMENT_TEAM = 4EA9N38245;
				GENERATE_INFOPLIST_FILE = YES;
				INFOPLIST_FILE = "Todoey APP/Info.plist";
				INFOPLIST_KEY_UIApplicationSupportsIndirectInputEvents = YES;
				INFOPLIST_KEY_UILaunchStoryboardName = LaunchScreen;
				INFOPLIST_KEY_UIMainStoryboardFile = Main;
				INFOPLIST_KEY_UISupportedInterfaceOrientations_iPad = "UIInterfaceOrientationPortrait UIInterfaceOrientationPortraitUpsideDown UIInterfaceOrientationLandscapeLeft UIInterfaceOrientationLandscapeRight";
				INFOPLIST_KEY_UISupportedInterfaceOrientations_iPhone = "UIInterfaceOrientationPortrait UIInterfaceOrientationLandscapeLeft UIInterfaceOrientationLandscapeRight";
				LD_RUNPATH_SEARCH_PATHS = (
					"$(inherited)",
					"@executable_path/Frameworks",
				);
				MARKETING_VERSION = 1.0;
				PRODUCT_BUNDLE_IDENTIFIER = "Technosoft.Todoey-APP";
				PRODUCT_NAME = "$(TARGET_NAME)";
				SWIFT_EMIT_LOC_STRINGS = YES;
				SWIFT_VERSION = 5.0;
				TARGETED_DEVICE_FAMILY = "1,2";
			};
			name = Release;
		};
/* End XCBuildConfiguration section */

/* Begin XCConfigurationList section */
		3163D90A2A41DC770065228D /* Build configuration list for PBXProject "Todoey APP" */ = {
			isa = XCConfigurationList;
			buildConfigurations = (
				3163D9242A41DC790065228D /* Debug */,
				3163D9252A41DC790065228D /* Release */,
			);
			defaultConfigurationIsVisible = 0;
			defaultConfigurationName = Release;
		};
		3163D9262A41DC790065228D /* Build configuration list for PBXNativeTarget "Todoey APP" */ = {
			isa = XCConfigurationList;
			buildConfigurations = (
				3163D9272A41DC790065228D /* Debug */,
				3163D9282A41DC790065228D /* Release */,
			);
			defaultConfigurationIsVisible = 0;
			defaultConfigurationName = Release;
		};
/* End XCConfigurationList section */

/* Begin XCVersionGroup section */
		3163D91B2A41DC770065228D /* Todoey_APP.xcdatamodeld */ = {
			isa = XCVersionGroup;
			children = (
				3163D91C2A41DC770065228D /* Todoey_APP.xcdatamodel */,
			);
			currentVersion = 3163D91C2A41DC770065228D /* Todoey_APP.xcdatamodel */;
			path = Todoey_APP.xcdatamodeld;
			sourceTree = "<group>";
			versionGroupType = wrapper.xcdatamodel;
		};
/* End XCVersionGroup section */
	};
	rootObject = 3163D9072A41DC770065228D /* Project object */;
}
